
Microsoft Visual Studio Solution File, Format Version 12.00
# Visual Studio 2017
Project("{FAE04EC0-301F-11D3-BF4B-00C04F79EFBC}") = "ProjectOne", "ProjectOne.csproj", "{FC1463C9-D7A1-0C2C-89EF-C7EB17714250}"
EndProject
Project("{FAE04EC0-301F-11D3-BF4B-00C04F79EFBC}") = "ProjectOne.Editor", "ProjectOne.Editor.csproj", "{E1A8BC9B-4926-4030-468A-E988D5681DBD}"
EndProject
Global
	GlobalSection(SolutionConfigurationPlatforms) = preSolution
		Debug|Any CPU = Debug|Any CPU
		Release|Any CPU = Release|Any CPU
	EndGlobalSection
	GlobalSection(ProjectConfigurationPlatforms) = postSolution
		{FC1463C9-D7A1-0C2C-89EF-C7EB17714250}.Debug|Any CPU.ActiveCfg = Debug|Any CPU
		{FC1463C9-D7A1-0C2C-89EF-C7EB17714250}.Debug|Any CPU.Build.0 = Debug|Any CPU
		{FC1463C9-D7A1-0C2C-89EF-C7EB17714250}.Release|Any CPU.ActiveCfg = Release|Any CPU
		{FC1463C9-D7A1-0C2C-89EF-C7EB17714250}.Release|Any CPU.Build.0 = Release|Any CPU
		{E1A8BC9B-4926-4030-468A-E988D5681DBD}.Debug|Any CPU.ActiveCfg = Debug|Any CPU
		{E1A8BC9B-4926-4030-468A-E988D5681DBD}.Debug|Any CPU.Build.0 = Debug|Any CPU
		{E1A8BC9B-4926-4030-468A-E988D5681DBD}.Release|Any CPU.ActiveCfg = Release|Any CPU
		{E1A8BC9B-4926-4030-468A-E988D5681DBD}.Release|Any CPU.Build.0 = Release|Any CPU
	EndGlobalSection
	GlobalSection(SolutionProperties) = preSolution
		HideSolutionNode = FALSE
	EndGlobalSection
EndGlobal
